
Microsoft Visual Studio Solution File, Format Version 12.00
# Visual Studio Version 16
VisualStudioVersion = 16.0.31729.503
MinimumVisualStudioVersion = 10.0.40219.1
Project("{9A19103F-16F7-4668-BE54-9A1E7A4F7556}") = "EBML", "EBML\EBML.csproj", "{108753EA-7324-4F45-9570-0B718B223504}"
EndProject
Project("{9A19103F-16F7-4668-BE54-9A1E7A4F7556}") = "EBMLTest", "EBMLTest\EBMLTest.csproj", "{9108AE96-E67F-4A90-8E59-01B2950D7BE9}"
EndProject
Project("{9A19103F-16F7-4668-BE54-9A1E7A4F7556}") = "EBMLUnitTests", "EBMLUnitTests\EBMLUnitTests.csproj", "{46B318BA-556F-46E5-BDEC-7DB8EFD25507}"
EndProject
Project("{FAE04EC0-301F-11D3-BF4B-00C04F79EFBC}") = "EBMLGenerateElementsFromXml", "EBMLGenerateElementsFromXml\EBMLGenerateElementsFromXml.csproj", "{396E07D7-7D89-4F0D-93B0-A287CED27DCD}"
EndProject
Global
	GlobalSection(SolutionConfigurationPlatforms) = preSolution
		Debug|Any CPU = Debug|Any CPU
		Release|Any CPU = Release|Any CPU
	EndGlobalSection
	GlobalSection(ProjectConfigurationPlatforms) = postSolution
		{108753EA-7324-4F45-9570-0B718B223504}.Debug|Any CPU.ActiveCfg = Debug|Any CPU
		{108753EA-7324-4F45-9570-0B718B223504}.Debug|Any CPU.Build.0 = Debug|Any CPU
		{108753EA-7324-4F45-9570-0B718B223504}.Release|Any CPU.ActiveCfg = Release|Any CPU
		{108753EA-7324-4F45-9570-0B718B223504}.Release|Any CPU.Build.0 = Release|Any CPU
		{9108AE96-E67F-4A90-8E59-01B2950D7BE9}.Debug|Any CPU.ActiveCfg = Debug|Any CPU
		{9108AE96-E67F-4A90-8E59-01B2950D7BE9}.Debug|Any CPU.Build.0 = Debug|Any CPU
		{9108AE96-E67F-4A90-8E59-01B2950D7BE9}.Release|Any CPU.ActiveCfg = Release|Any CPU
		{9108AE96-E67F-4A90-8E59-01B2950D7BE9}.Release|Any CPU.Build.0 = Release|Any CPU
		{46B318BA-556F-46E5-BDEC-7DB8EFD25507}.Debug|Any CPU.ActiveCfg = Debug|Any CPU
		{46B318BA-556F-46E5-BDEC-7DB8EFD25507}.Debug|Any CPU.Build.0 = Debug|Any CPU
		{46B318BA-556F-46E5-BDEC-7DB8EFD25507}.Release|Any CPU.ActiveCfg = Release|Any CPU
		{46B318BA-556F-46E5-BDEC-7DB8EFD25507}.Release|Any CPU.Build.0 = Release|Any CPU
		{396E07D7-7D89-4F0D-93B0-A287CED27DCD}.Debug|Any CPU.ActiveCfg = Debug|Any CPU
		{396E07D7-7D89-4F0D-93B0-A287CED27DCD}.Debug|Any CPU.Build.0 = Debug|Any CPU
		{396E07D7-7D89-4F0D-93B0-A287CED27DCD}.Release|Any CPU.ActiveCfg = Release|Any CPU
		{396E07D7-7D89-4F0D-93B0-A287CED27DCD}.Release|Any CPU.Build.0 = Release|Any CPU
	EndGlobalSection
	GlobalSection(SolutionProperties) = preSolution
		HideSolutionNode = FALSE
	EndGlobalSection
	GlobalSection(ExtensibilityGlobals) = postSolution
		SolutionGuid = {6A5FAD97-D9B5-49BF-B42C-BED1C5D589DE}
	EndGlobalSection
EndGlobal
